
Microsoft Visual Studio Solution File, Format Version 12.00
# Visual Studio Version 16
VisualStudioVersion = 16.0.31005.135
MinimumVisualStudioVersion = 10.0.40219.1
Project("{FAE04EC0-301F-11D3-BF4B-00C04F79EFBC}") = "HttpClientDemo", "HttpClientDemo\HttpClientDemo.csproj", "{2CCE64E7-2C56-4AFA-A1BF-17E63EE7E995}"
EndProject
Global
	GlobalSection(SolutionConfigurationPlatforms) = preSolution
		Debug|Any CPU = Debug|Any CPU
		Release|Any CPU = Release|Any CPU
	EndGlobalSection
	GlobalSection(ProjectConfigurationPlatforms) = postSolution
		{2CCE64E7-2C56-4AFA-A1BF-17E63EE7E995}.Debug|Any CPU.ActiveCfg = Debug|Any CPU
		{2CCE64E7-2C56-4AFA-A1BF-17E63EE7E995}.Debug|Any CPU.Build.0 = Debug|Any CPU
		{2CCE64E7-2C56-4AFA-A1BF-17E63EE7E995}.Release|Any CPU.ActiveCfg = Release|Any CPU
		{2CCE64E7-2C56-4AFA-A1BF-17E63EE7E995}.Release|Any CPU.Build.0 = Release|Any CPU
	EndGlobalSection
	GlobalSection(SolutionProperties) = preSolution
		HideSolutionNode = FALSE
	EndGlobalSection
	GlobalSection(ExtensibilityGlobals) = postSolution
		SolutionGuid = {3B7C65A8-B998-4D36-95A3-C38FC5F268C0}
	EndGlobalSection
EndGlobal
